{
  "requires": true,
  "lockfileVersion": 1,
  "dependencies": {
    "adverb-where": {
      "version": "0.2.1",
      "resolved": "https://registry.npmjs.org/adverb-where/-/adverb-where-0.2.1.tgz",
      "integrity": "sha512-IAveFBziMRMNPKFdWRcdIKaJvJG1cAfU9/tf9MzqQ84Dh4QjD9eqwnt4hNSt9cbrcEJD74BMIOaRVgVDEU7MwQ=="
    },
    "any-promise": {
      "version": "1.3.0",
      "resolved": "https://registry.npmjs.org/any-promise/-/any-promise-1.3.0.tgz",
      "integrity": "sha1-q8av7tzqUugJzcA3au0845Y10X8="
    },
    "async-limiter": {
      "version": "1.0.0",
      "resolved": "https://registry.npmjs.org/async-limiter/-/async-limiter-1.0.0.tgz",
      "integrity": "sha512-jp/uFnooOiO+L211eZOoSyzpOITMXx1rBITauYykG3BRYPu8h0UcxsPNB04RR5vo4Tyz3+ay17tR6JVf9qzYWg=="
    },
    "commander": {
      "version": "2.20.0",
      "resolved": "https://registry.npmjs.org/commander/-/commander-2.20.0.tgz",
      "integrity": "sha512-7j2y+40w61zy6YC2iRNpUe/NwhNyoXrYpHMrSunaMG64nRnaf96zO/KMQR4OyN/UnE5KLyEBnKHd4aG3rskjpQ=="
    },
    "discord.js": {
      "version": "11.4.2",
      "resolved": "https://registry.npmjs.org/discord.js/-/discord.js-11.4.2.tgz",
      "integrity": "sha512-MDwpu0lMFTjqomijDl1Ed9miMQe6kB4ifKdP28QZllmLv/HVOJXhatRgjS8urp/wBlOfx+qAYSXcdI5cKGYsfg==",
      "requires": {
        "long": "^4.0.0",
        "prism-media": "^0.0.3",
        "snekfetch": "^3.6.4",
        "tweetnacl": "^1.0.0",
        "ws": "^4.0.0"
      }
    },
    "e-prime": {
      "version": "0.10.2",
      "resolved": "https://registry.npmjs.org/e-prime/-/e-prime-0.10.2.tgz",
      "integrity": "sha1-6pN165hWNt6IATx6n7EprZ4V7/g="
    },
    "long": {
      "version": "4.0.0",
      "resolved": "https://registry.npmjs.org/long/-/long-4.0.0.tgz",
      "integrity": "sha512-XsP+KhQif4bjX1kbuSiySJFNAehNxgLb6hPRGJ9QsUr8ajHkuXGdrHmFUTUUXhDwVX2R5bY4JNZEwbUiMhV+MA=="
    },
    "nan": {
      "version": "2.13.2",
      "resolved": "https://registry.npmjs.org/nan/-/nan-2.13.2.tgz",
      "integrity": "sha512-TghvYc72wlMGMVMluVo9WRJc0mB8KxxF/gZ4YYFy7V2ZQX9l7rgbPg7vjS9mt6U5HXODVFVI2bOduCzwOMv/lw=="
    },
    "no-cliches": {
      "version": "0.2.2",
      "resolved": "https://registry.npmjs.org/no-cliches/-/no-cliches-0.2.2.tgz",
      "integrity": "sha512-iEOqDAOFl6uN5jZGRj39Jdo8qALzf2HPXtpFso8+BMaDylDrUMYMwhFbfYGgxdnMlsRnxYTwv68kaXEpsHIapg=="
    },
    "passive-voice": {
      "version": "0.1.0",
      "resolved": "https://registry.npmjs.org/passive-voice/-/passive-voice-0.1.0.tgz",
      "integrity": "sha1-Fv+RrkC6DpLEPmcXY/3IQqcCcLE="
    },
    "prism-media": {
      "version": "0.0.3",
      "resolved": "https://registry.npmjs.org/prism-media/-/prism-media-0.0.3.tgz",
      "integrity": "sha512-c9KkNifSMU/iXT8FFTaBwBMr+rdVcN+H/uNv1o+CuFeTThNZNTOrQ+RgXA1yL/DeLk098duAeRPP3QNPNbhxYQ=="
    },
    "safe-buffer": {
      "version": "5.1.2",
      "resolved": "https://registry.npmjs.org/safe-buffer/-/safe-buffer-5.1.2.tgz",
      "integrity": "sha512-Gd2UZBJDkXlY7GbJxfsE8/nvKkUEU1G38c1siN6QP6a9PT9MmHB8GnpscSmMJSoF8LOIrt8ud/wPtojys4G6+g=="
    },
    "snekfetch": {
      "version": "3.6.4",
      "resolved": "https://registry.npmjs.org/snekfetch/-/snekfetch-3.6.4.tgz",
      "integrity": "sha512-NjxjITIj04Ffqid5lqr7XdgwM7X61c/Dns073Ly170bPQHLm6jkmelye/eglS++1nfTWktpP6Y2bFXjdPlQqdw=="
    },
    "spellchecker": {
      "version": "3.5.2",
      "resolved": "https://registry.npmjs.org/spellchecker/-/spellchecker-3.5.2.tgz",
      "integrity": "sha512-Nxl/FbOYlDto9HDrOP3jjZ0ZIN7r9c3RNluK83RweEdfIYBW0wSgAZAaC7OCRji7PAOrOUwwacAt1aNaBR/ytA==",
      "requires": {
        "any-promise": "^1.3.0",
        "nan": "^2.10.0"
      }
    },
    "too-wordy": {
      "version": "0.2.2",
      "resolved": "https://registry.npmjs.org/too-wordy/-/too-wordy-0.2.2.tgz",
      "integrity": "sha512-ePZfjs1ajL4b8jT4MeVId+9Ci5hJCzAtNIEXIHyFYmKmQuX+eHC/RNv6tuLMUhrGrhJ+sYWW/lBF/LKILHGZEA=="
    },
    "tweetnacl": {
      "version": "1.0.1",
      "resolved": "https://registry.npmjs.org/tweetnacl/-/tweetnacl-1.0.1.tgz",
      "integrity": "sha512-kcoMoKTPYnoeS50tzoqjPY3Uv9axeuuFAZY9M/9zFnhoVvRfxz9K29IMPD7jGmt2c8SW7i3gT9WqDl2+nV7p4A=="
    },
    "weasel-words": {
      "version": "0.1.1",
      "resolved": "https://registry.npmjs.org/weasel-words/-/weasel-words-0.1.1.tgz",
      "integrity": "sha1-cTeUZYXHP+RIggE4U70ADF1oek4="
    },
    "write-good": {
      "version": "1.0.1",
      "resolved": "https://registry.npmjs.org/write-good/-/write-good-1.0.1.tgz",
      "integrity": "sha512-wSmjZBTHMOexWmK3AmSORGlWAICD98BF0LORYjkK58tChjjMr/BltpvohCThxmIE2vcHYccXHzSVBd/v8ew71g==",
      "requires": {
        "adverb-where": "^0.2.1",
        "commander": "^2.19.0",
        "e-prime": "^0.10.2",
        "no-cliches": "^0.2.2",
        "passive-voice": "^0.1.0",
        "too-wordy": "^0.2.2",
        "weasel-words": "^0.1.1"
      }
    },
    "ws": {
      "version": "4.1.0",
      "resolved": "https://registry.npmjs.org/ws/-/ws-4.1.0.tgz",
      "integrity": "sha512-ZGh/8kF9rrRNffkLFV4AzhvooEclrOH0xaugmqGsIfFgOE/pIz4fMc4Ef+5HSQqTEug2S9JZIWDR47duDSLfaA==",
      "requires": {
        "async-limiter": "~1.0.0",
        "safe-buffer": "~5.1.0"
      }
    }
  }
}
